<?xml version="1.0" encoding="utf-8"?>
<Project ToolsVersion="4.0" xmlns="http://schemas.microsoft.com/developer/msbuild/2003">
  <ItemGroup>
    <ClCompile Include="$(MSBuildThisFileDirectory)Map.cpp" />
    <ClCompile Include="$(MSBuildThisFileDirectory)DestructibleWall.cpp" />
    <ClCompile Include="$(MSBuildThisFileDirectory)DestructibleWall.cpp" />
    <ClCompile Include="$(MSBuildThisFileDirectory)ActionAnimate.cpp">
      <Filter>Actions</Filter>
    </ClCompile>
    <ClCompile Include="$(MSBuildThisFileDirectory)ActionCharacterMovementInput.cpp">
      <Filter>Actions</Filter>
    </ClCompile>
    <ClCompile Include="$(MSBuildThisFileDirectory)ActionExpireEntity.cpp">
      <Filter>Actions</Filter>
    </ClCompile>
    <ClCompile Include="$(MSBuildThisFileDirectory)ActionPickupPowerUp.cpp">
      <Filter>Actions</Filter>
    </ClCompile>
    <ClCompile Include="$(MSBuildThisFileDirectory)ActionPlaySound.cpp">
      <Filter>Actions</Filter>
    </ClCompile>
    <ClCompile Include="$(MSBuildThisFileDirectory)ActionRender.cpp">
      <Filter>Actions</Filter>
    </ClCompile>
    <ClCompile Include="$(MSBuildThisFileDirectory)ActionSpawnBomb.cpp">
      <Filter>Actions</Filter>
    </ClCompile>
    <ClCompile Include="$(MSBuildThisFileDirectory)ActionStopKick.cpp">
      <Filter>Actions</Filter>
    </ClCompile>
    <ClCompile Include="$(MSBuildThisFileDirectory)ActionUpdateAnimationState.cpp">
      <Filter>Actions</Filter>
    </ClCompile>
    <ClCompile Include="$(MSBuildThisFileDirectory)MenuInputMessage.cpp">
      <Filter>Input\Messages</Filter>
    </ClCompile>
    <ClCompile Include="$(MSBuildThisFileDirectory)Player1InputMessage.cpp">
      <Filter>Input\Messages</Filter>
    </ClCompile>
    <ClCompile Include="$(MSBuildThisFileDirectory)Player1InputReaction.cpp">
      <Filter>Input\Messages</Filter>
    </ClCompile>
    <ClCompile Include="$(MSBuildThisFileDirectory)Player2InputMessage.cpp">
      <Filter>Input\Messages</Filter>
    </ClCompile>
    <ClCompile Include="$(MSBuildThisFileDirectory)Player2InputReaction.cpp">
      <Filter>Input\Messages</Filter>
    </ClCompile>
    <ClCompile Include="$(MSBuildThisFileDirectory)Player3InputMessage.cpp">
      <Filter>Input\Messages</Filter>
    </ClCompile>
    <ClCompile Include="$(MSBuildThisFileDirectory)Player3InputReaction.cpp">
      <Filter>Input\Messages</Filter>
    </ClCompile>
    <ClCompile Include="$(MSBuildThisFileDirectory)Player4InputMessage.cpp">
      <Filter>Input\Messages</Filter>
    </ClCompile>
    <ClCompile Include="$(MSBuildThisFileDirectory)Player4InputReaction.cpp">
      <Filter>Input\Messages</Filter>
    </ClCompile>
    <ClCompile Include="$(MSBuildThisFileDirectory)PlayerInputMessage.cpp">
      <Filter>Input\Messages</Filter>
    </ClCompile>
    <ClCompile Include="$(MSBuildThisFileDirectory)PlayerInputHandlers.cpp">
      <Filter>Input</Filter>
    </ClCompile>
    <ClCompile Include="$(MSBuildThisFileDirectory)AudioManager.cpp">
      <Filter>Audio</Filter>
    </ClCompile>
    <ClCompile Include="$(MSBuildThisFileDirectory)Bomb.cpp">
      <Filter>GameObjects</Filter>
    </ClCompile>
    <ClCompile Include="$(MSBuildThisFileDirectory)Character.cpp">
      <Filter>GameObjects</Filter>
    </ClCompile>
    <ClCompile Include="$(MSBuildThisFileDirectory)DestructibleWall.cpp">
      <Filter>GameObjects</Filter>
    </ClCompile>
    <ClCompile Include="$(MSBuildThisFileDirectory)HUD.cpp">
      <Filter>UI</Filter>
    </ClCompile>
    <ClCompile Include="$(MSBuildThisFileDirectory)HUDNumber.cpp">
      <Filter>UI</Filter>
    </ClCompile>
    <ClCompile Include="$(MSBuildThisFileDirectory)GameObject.cpp">
      <Filter>Core</Filter>
    </ClCompile>
    <ClCompile Include="$(MSBuildThisFileDirectory)Explosion.cpp">
      <Filter>GameObjects</Filter>
    </ClCompile>
    <ClCompile Include="$(MSBuildThisFileDirectory)Menu.cpp">
      <Filter>UI</Filter>
    </ClCompile>
    <ClCompile Include="$(MSBuildThisFileDirectory)MenuDisplay.cpp">
      <Filter>UI</Filter>
    </ClCompile>
    <ClCompile Include="$(MSBuildThisFileDirectory)MenuInputHandler.cpp">
      <Filter>Input</Filter>
    </ClCompile>
    <ClCompile Include="$(MSBuildThisFileDirectory)PlayerInputReaction.cpp">
      <Filter>Input</Filter>
    </ClCompile>
    <ClCompile Include="$(MSBuildThisFileDirectory)Game.cpp">
      <Filter>Core</Filter>
    </ClCompile>
    <ClCompile Include="$(MSBuildThisFileDirectory)Map.cpp">
      <Filter>Core</Filter>
    </ClCompile>
    <ClCompile Include="$(MSBuildThisFileDirectory)MapTiles.cpp">
      <Filter>Core</Filter>
    </ClCompile>
    <ClCompile Include="$(MSBuildThisFileDirectory)RenderComponent.cpp">
      <Filter>Rendering</Filter>
    </ClCompile>
    <ClCompile Include="$(MSBuildThisFileDirectory)RenderManager.cpp">
      <Filter>Rendering</Filter>
    </ClCompile>
    <ClCompile Include="$(MSBuildThisFileDirectory)RenderQueue.cpp">
      <Filter>Rendering</Filter>
    </ClCompile>
    <ClCompile Include="$(MSBuildThisFileDirectory)Quad.cpp">
      <Filter>Rendering</Filter>
    </ClCompile>
    <ClCompile Include="$(MSBuildThisFileDirectory)Shader.cpp">
      <Filter>Rendering</Filter>
    </ClCompile>
    <ClCompile Include="$(MSBuildThisFileDirectory)Texture.cpp">
      <Filter>Rendering</Filter>
    </ClCompile>
    <ClCompile Include="$(MSBuildThisFileDirectory)PowerUp.cpp">
      <Filter>GameObjects</Filter>
    </ClCompile>
    <ClCompile Include="$(MSBuildThisFileDirectory)Transform.cpp">
      <Filter>Core</Filter>
    </ClCompile>
    <ClCompile Include="$(MSBuildThisFileDirectory)AIManager.cpp">
      <Filter>Managers</Filter>
    </ClCompile>
    <ClCompile Include="$(MSBuildThisFileDirectory)WindowManager.cpp">
      <Filter>Managers</Filter>
    </ClCompile>
    <ClCompile Include="$(MSBuildThisFileDirectory)StateManager.cpp">
      <Filter>Managers</Filter>
    </ClCompile>
    <ClCompile Include="$(MSBuildThisFileDirectory)InputManager.cpp">
      <Filter>Managers</Filter>
    </ClCompile>
    <ClCompile Include="$(MSBuildThisFileDirectory)GameMessage.cpp">
      <Filter>Core</Filter>
    </ClCompile>
    <ClCompile Include="$(MSBuildThisFileDirectory)WorldHelpers.cpp">
      <Filter>Utility</Filter>
    </ClCompile>
    <ClCompile Include="$(MSBuildThisFileDirectory)AudioClip.cpp" />
  </ItemGroup>
  <ItemGroup>
    <ClInclude Include="$(MSBuildThisFileDirectory)Map.h" />
    <ClInclude Include="$(MSBuildThisFileDirectory)MapTiles.h" />
    <ClInclude Include="$(MSBuildThisFileDirectory)ActionExpireEntity.h" />
    <ClInclude Include="$(MSBuildThisFileDirectory)DestructibleWall.h" />
    <ClInclude Include="$(MSBuildThisFileDirectory)ActionAnimate.h">
      <Filter>Actions</Filter>
    </ClInclude>
    <ClInclude Include="$(MSBuildThisFileDirectory)ActionCharacterMovementInput.h">
      <Filter>Actions</Filter>
    </ClInclude>
    <ClInclude Include="$(MSBuildThisFileDirectory)ActionExpireEntity.h">
      <Filter>Actions</Filter>
    </ClInclude>
    <ClInclude Include="$(MSBuildThisFileDirectory)ActionPickupPowerUp.h">
      <Filter>Actions</Filter>
    </ClInclude>
    <ClInclude Include="$(MSBuildThisFileDirectory)ActionPlaySound.h">
      <Filter>Actions</Filter>
    </ClInclude>
    <ClInclude Include="$(MSBuildThisFileDirectory)ActionRender.h">
      <Filter>Actions</Filter>
    </ClInclude>
    <ClInclude Include="$(MSBuildThisFileDirectory)ActionSpawnBomb.h">
      <Filter>Actions</Filter>
    </ClInclude>
    <ClInclude Include="$(MSBuildThisFileDirectory)ActionStopKick.h">
      <Filter>Actions</Filter>
    </ClInclude>
    <ClInclude Include="$(MSBuildThisFileDirectory)ActionUpdateAnimationState.h">
      <Filter>Actions</Filter>
    </ClInclude>
    <ClInclude Include="$(MSBuildThisFileDirectory)MenuInputMessage.h">
      <Filter>Input\Messages</Filter>
    </ClInclude>
    <ClInclude Include="$(MSBuildThisFileDirectory)Player1InputMessage.h">
      <Filter>Input\Messages</Filter>
    </ClInclude>
    <ClInclude Include="$(MSBuildThisFileDirectory)Player1InputReaction.h">
      <Filter>Input\Messages</Filter>
    </ClInclude>
    <ClInclude Include="$(MSBuildThisFileDirectory)Player2InputMessage.h">
      <Filter>Input\Messages</Filter>
    </ClInclude>
    <ClInclude Include="$(MSBuildThisFileDirectory)Player2InputReaction.h">
      <Filter>Input\Messages</Filter>
    </ClInclude>
    <ClInclude Include="$(MSBuildThisFileDirectory)Player3InputMessage.h">
      <Filter>Input\Messages</Filter>
    </ClInclude>
    <ClInclude Include="$(MSBuildThisFileDirectory)Player3InputReaction.h">
      <Filter>Input\Messages</Filter>
    </ClInclude>
    <ClInclude Include="$(MSBuildThisFileDirectory)Player4InputMessage.h">
      <Filter>Input\Messages</Filter>
    </ClInclude>
    <ClInclude Include="$(MSBuildThisFileDirectory)Player4InputReaction.h">
      <Filter>Input\Messages</Filter>
    </ClInclude>
    <ClInclude Include="$(MSBuildThisFileDirectory)PlayerInputMessage.h">
      <Filter>Input\Messages</Filter>
    </ClInclude>
    <ClInclude Include="$(MSBuildThisFileDirectory)PlayerInputHandlers.h">
      <Filter>Input</Filter>
    </ClInclude>
    <ClInclude Include="$(MSBuildThisFileDirectory)AudioManager.h">
      <Filter>Audio</Filter>
    </ClInclude>
    <ClInclude Include="$(MSBuildThisFileDirectory)Bomb.h">
      <Filter>GameObjects</Filter>
    </ClInclude>
    <ClInclude Include="$(MSBuildThisFileDirectory)Character.h">
      <Filter>GameObjects</Filter>
    </ClInclude>
    <ClInclude Include="$(MSBuildThisFileDirectory)DestructibleWall.h">
      <Filter>GameObjects</Filter>
    </ClInclude>
    <ClInclude Include="$(MSBuildThisFileDirectory)HUD.h">
      <Filter>UI</Filter>
    </ClInclude>
    <ClInclude Include="$(MSBuildThisFileDirectory)HUDNumber.h">
      <Filter>UI</Filter>
    </ClInclude>
    <ClInclude Include="$(MSBuildThisFileDirectory)GameObject.h">
      <Filter>Core</Filter>
    </ClInclude>
    <ClInclude Include="$(MSBuildThisFileDirectory)GameTypes.h">
      <Filter>Core</Filter>
    </ClInclude>
    <ClInclude Include="$(MSBuildThisFileDirectory)Explosion.h">
      <Filter>GameObjects</Filter>
    </ClInclude>
    <ClInclude Include="$(MSBuildThisFileDirectory)Menu.h">
      <Filter>UI</Filter>
    </ClInclude>
    <ClInclude Include="$(MSBuildThisFileDirectory)MenuDisplay.h">
      <Filter>UI</Filter>
    </ClInclude>
    <ClInclude Include="$(MSBuildThisFileDirectory)MenuInputHandler.h">
      <Filter>Input</Filter>
    </ClInclude>
    <ClInclude Include="$(MSBuildThisFileDirectory)PlayerInputReaction.h">
      <Filter>Input</Filter>
    </ClInclude>
    <ClInclude Include="$(MSBuildThisFileDirectory)Game.h">
      <Filter>Core</Filter>
    </ClInclude>
    <ClInclude Include="$(MSBuildThisFileDirectory)Map.h">
      <Filter>Core</Filter>
    </ClInclude>
    <ClInclude Include="$(MSBuildThisFileDirectory)MapTiles.h">
      <Filter>Core</Filter>
    </ClInclude>
    <ClInclude Include="$(MSBuildThisFileDirectory)RenderComponent.h">
      <Filter>Rendering</Filter>
    </ClInclude>
    <ClInclude Include="$(MSBuildThisFileDirectory)RenderManager.h">
      <Filter>Rendering</Filter>
    </ClInclude>
    <ClInclude Include="$(MSBuildThisFileDirectory)RenderQueue.h">
      <Filter>Rendering</Filter>
    </ClInclude>
    <ClInclude Include="$(MSBuildThisFileDirectory)Quad.h">
      <Filter>Rendering</Filter>
    </ClInclude>
    <ClInclude Include="$(MSBuildThisFileDirectory)Shader.h">
      <Filter>Rendering</Filter>
    </ClInclude>
    <ClInclude Include="$(MSBuildThisFileDirectory)Texture.h">
      <Filter>Rendering</Filter>
    </ClInclude>
    <ClInclude Include="$(MSBuildThisFileDirectory)PowerUp.h">
      <Filter>GameObjects</Filter>
    </ClInclude>
    <ClInclude Include="$(MSBuildThisFileDirectory)Transform.h">
      <Filter>Core</Filter>
    </ClInclude>
    <ClInclude Include="$(MSBuildThisFileDirectory)AIManager.h">
      <Filter>Managers</Filter>
    </ClInclude>
    <ClInclude Include="$(MSBuildThisFileDirectory)WindowManager.h">
      <Filter>Managers</Filter>
    </ClInclude>
    <ClInclude Include="$(MSBuildThisFileDirectory)StateManager.h">
      <Filter>Managers</Filter>
    </ClInclude>
    <ClInclude Include="$(MSBuildThisFileDirectory)InputManager.h">
      <Filter>Managers</Filter>
    </ClInclude>
    <ClInclude Include="$(MSBuildThisFileDirectory)GameMessage.h">
      <Filter>Core</Filter>
    </ClInclude>
    <ClInclude Include="$(MSBuildThisFileDirectory)WorldHelpers.h">
      <Filter>Utility</Filter>
    </ClInclude>
    <ClInclude Include="$(MSBuildThisFileDirectory)AudioClip.h" />
  </ItemGroup>
  <ItemGroup>
    <None Include="$(MSBuildThisFileDirectory)PlayerInputMessage.inl">
      <Filter>Input\Messages</Filter>
    </None>
    <None Include="$(MSBuildThisFileDirectory)PlayerInputHandler.inl">
      <Filter>Input</Filter>
    </None>
    <None Include="$(MSBuildThisFileDirectory)WindowManager.inl">
      <Filter>Managers</Filter>
    </None>
  </ItemGroup>
  <ItemGroup>
    <Filter Include="Actions">
      <UniqueIdentifier>{a7a99747-ff06-4a5b-a356-6fceaf942217}</UniqueIdentifier>
    </Filter>
    <Filter Include="Input">
      <UniqueIdentifier>{f0066754-e834-466c-a52a-5c7c0ddfbc92}</UniqueIdentifier>
    </Filter>
    <Filter Include="Input\Messages">
      <UniqueIdentifier>{9b73e4bb-ab4a-40e8-9da6-29f22ddaf972}</UniqueIdentifier>
    </Filter>
    <Filter Include="Audio">
      <UniqueIdentifier>{5548fe7f-20d3-4fa3-ada4-ba4e597c09e2}</UniqueIdentifier>
    </Filter>
    <Filter Include="GameObjects">
      <UniqueIdentifier>{b2205eba-0e99-46ee-a312-633ebdf4b255}</UniqueIdentifier>
    </Filter>
    <Filter Include="UI">
      <UniqueIdentifier>{b63f0574-34e5-4d19-850e-c82d00f3b045}</UniqueIdentifier>
    </Filter>
    <Filter Include="Core">
      <UniqueIdentifier>{9d0689de-3b92-42e4-9196-5ee8881bc14b}</UniqueIdentifier>
    </Filter>
    <Filter Include="Rendering">
      <UniqueIdentifier>{8cf952ea-265b-44fb-a5d6-8c1ba8dc4fc0}</UniqueIdentifier>
    </Filter>
    <Filter Include="Managers">
      <UniqueIdentifier>{b4790d82-d8b5-4fa7-9fa0-3be4bee49fdc}</UniqueIdentifier>
    </Filter>
    <Filter Include="Utility">
      <UniqueIdentifier>{78f18a0e-1d9d-4b32-9ce4-3c351925fe6a}</UniqueIdentifier>
    </Filter>
  </ItemGroup>
</Project>