<?xml version="1.0" encoding="utf-8"?>
<Project ToolsVersion="4.0" xmlns="http://schemas.microsoft.com/developer/msbuild/2003">
  <ItemGroup>
    <ClCompile Include="$(MSBuildThisFileDirectory)pch.cpp" />
    <ClCompile Include="$(MSBuildThisFileDirectory)Utility.cpp">
      <Filter>Support\Utility</Filter>
    </ClCompile>
    <ClCompile Include="$(MSBuildThisFileDirectory)Datum.cpp">
      <Filter>Core\Containers\Datum</Filter>
    </ClCompile>
    <ClCompile Include="$(MSBuildThisFileDirectory)JsonParseMaster.cpp">
      <Filter>Support\Serialization\Json</Filter>
    </ClCompile>
    <ClCompile Include="$(MSBuildThisFileDirectory)Attributed.cpp">
      <Filter>Support\Reflection</Filter>
    </ClCompile>
    <ClCompile Include="$(MSBuildThisFileDirectory)Scope.cpp">
      <Filter>Support\Reflection</Filter>
    </ClCompile>
    <ClCompile Include="$(MSBuildThisFileDirectory)TypeManager.cpp">
      <Filter>Support\Reflection</Filter>
    </ClCompile>
    <ClCompile Include="$(MSBuildThisFileDirectory)GameClock.cpp">
      <Filter>Support\Utility</Filter>
    </ClCompile>
    <ClCompile Include="$(MSBuildThisFileDirectory)GameTime.cpp">
      <Filter>Support\Utility</Filter>
    </ClCompile>
    <ClCompile Include="$(MSBuildThisFileDirectory)ActionIncrement.cpp">
      <Filter>Engine\Actions</Filter>
    </ClCompile>
    <ClCompile Include="$(MSBuildThisFileDirectory)ActionCreate.cpp">
      <Filter>Engine\Actions</Filter>
    </ClCompile>
    <ClCompile Include="$(MSBuildThisFileDirectory)ActionDestroy.cpp">
      <Filter>Engine\Actions</Filter>
    </ClCompile>
    <ClCompile Include="$(MSBuildThisFileDirectory)ActionListWhile.cpp">
      <Filter>Engine\Actions</Filter>
    </ClCompile>
    <ClCompile Include="$(MSBuildThisFileDirectory)ActionExpression.cpp">
      <Filter>Engine\Actions</Filter>
    </ClCompile>
    <ClCompile Include="$(MSBuildThisFileDirectory)EventQueue.cpp">
      <Filter>Core\Events</Filter>
    </ClCompile>
    <ClCompile Include="$(MSBuildThisFileDirectory)EventPublisher.cpp">
      <Filter>Core\Events</Filter>
    </ClCompile>
    <ClCompile Include="$(MSBuildThisFileDirectory)Entity.cpp">
      <Filter>Core\Entity</Filter>
    </ClCompile>
    <ClCompile Include="$(MSBuildThisFileDirectory)World.cpp">
      <Filter>Core\Entity</Filter>
    </ClCompile>
    <ClCompile Include="$(MSBuildThisFileDirectory)EventMessageAttributed.cpp">
      <Filter>Core\Reaction</Filter>
    </ClCompile>
    <ClCompile Include="$(MSBuildThisFileDirectory)ActionEvent.cpp">
      <Filter>Engine\Actions</Filter>
    </ClCompile>
    <ClCompile Include="$(MSBuildThisFileDirectory)JsonEntityParseHelper.cpp">
      <Filter>Support\Serialization\Json</Filter>
    </ClCompile>
    <ClCompile Include="$(MSBuildThisFileDirectory)StreamHelper.cpp">
      <Filter>Support\Serialization</Filter>
    </ClCompile>
    <ClCompile Include="$(MSBuildThisFileDirectory)SceneNode.cpp">
      <Filter>Core\Model</Filter>
    </ClCompile>
    <ClCompile Include="$(MSBuildThisFileDirectory)Mesh.cpp">
      <Filter>Core\Model</Filter>
    </ClCompile>
    <ClCompile Include="$(MSBuildThisFileDirectory)ModelMaterial.cpp">
      <Filter>Core\Model</Filter>
    </ClCompile>
    <ClCompile Include="$(MSBuildThisFileDirectory)AnimationClip.cpp">
      <Filter>Core\Model</Filter>
    </ClCompile>
    <ClCompile Include="$(MSBuildThisFileDirectory)Bone.cpp">
      <Filter>Core\Model</Filter>
    </ClCompile>
    <ClCompile Include="$(MSBuildThisFileDirectory)BoneAnimation.cpp">
      <Filter>Core\Model</Filter>
    </ClCompile>
    <ClCompile Include="$(MSBuildThisFileDirectory)Keyframe.cpp">
      <Filter>Core\Model</Filter>
    </ClCompile>
    <ClCompile Include="$(MSBuildThisFileDirectory)MathUtility.cpp">
      <Filter>Core\Math</Filter>
    </ClCompile>
    <ClCompile Include="$(MSBuildThisFileDirectory)Model.cpp">
      <Filter>Engine\Components</Filter>
    </ClCompile>
    <ClCompile Include="$(MSBuildThisFileDirectory)Transform.cpp">
      <Filter>Core\Math</Filter>
    </ClCompile>
    <ClCompile Include="$(MSBuildThisFileDirectory)AnimatorComponent.cpp">
      <Filter>Engine\Components</Filter>
    </ClCompile>
    <ClCompile Include="$(MSBuildThisFileDirectory)ReactionAttributed.cpp">
      <Filter>Core\Reaction</Filter>
    </ClCompile>
    <ClCompile Include="$(MSBuildThisFileDirectory)MeshImporter.cpp">
      <Filter>AssetImporter</Filter>
    </ClCompile>
    <ClCompile Include="$(MSBuildThisFileDirectory)ModelMaterialImporter.cpp">
      <Filter>AssetImporter</Filter>
    </ClCompile>
    <ClCompile Include="$(MSBuildThisFileDirectory)AnimationClipImporter.cpp">
      <Filter>AssetImporter</Filter>
    </ClCompile>
    <ClCompile Include="$(MSBuildThisFileDirectory)BoneAnimationImporter.cpp">
      <Filter>AssetImporter</Filter>
    </ClCompile>
    <ClCompile Include="$(MSBuildThisFileDirectory)AssetImporter.cpp">
      <Filter>AssetImporter</Filter>
    </ClCompile>
    <ClCompile Include="$(MSBuildThisFileDirectory)Actor.cpp">
      <Filter>Engine\Actors</Filter>
    </ClCompile>
    <ClCompile Include="$(MSBuildThisFileDirectory)RenderingAPI_DirectX11.cpp">
      <Filter>Core\Rendering</Filter>
    </ClCompile>
  </ItemGroup>
  <ItemGroup>
    <ClInclude Include="$(MSBuildThisFileDirectory)pch.h" />
    <ClInclude Include="$(MSBuildThisFileDirectory)Utility.h">
      <Filter>Support\Utility</Filter>
    </ClInclude>
    <ClInclude Include="$(MSBuildThisFileDirectory)DefaultHash.h">
      <Filter>Support\Utility</Filter>
    </ClInclude>
    <ClInclude Include="$(MSBuildThisFileDirectory)DefaultEquality.h">
      <Filter>Support\Utility</Filter>
    </ClInclude>
    <ClInclude Include="$(MSBuildThisFileDirectory)RTTI.h">
      <Filter>Support\Utility</Filter>
    </ClInclude>
    <ClInclude Include="$(MSBuildThisFileDirectory)Datum.h">
      <Filter>Core\Containers\Datum</Filter>
    </ClInclude>
    <ClInclude Include="$(MSBuildThisFileDirectory)HashMap.h">
      <Filter>Core\Containers\HashMap</Filter>
    </ClInclude>
    <ClInclude Include="$(MSBuildThisFileDirectory)SList.h">
      <Filter>Core\Containers\SList</Filter>
    </ClInclude>
    <ClInclude Include="$(MSBuildThisFileDirectory)Vector.h">
      <Filter>Core\Containers\Vector</Filter>
    </ClInclude>
    <ClInclude Include="$(MSBuildThisFileDirectory)IJsonParseHelper.h">
      <Filter>Support\Serialization\Json</Filter>
    </ClInclude>
    <ClInclude Include="$(MSBuildThisFileDirectory)JsonParseMaster.h">
      <Filter>Support\Serialization\Json</Filter>
    </ClInclude>
    <ClInclude Include="$(MSBuildThisFileDirectory)Stack.h">
      <Filter>Core\Containers\Stack</Filter>
    </ClInclude>
    <ClInclude Include="$(MSBuildThisFileDirectory)Factory.h">
      <Filter>Support\Utility</Filter>
    </ClInclude>
    <ClInclude Include="$(MSBuildThisFileDirectory)Attributed.h">
      <Filter>Support\Reflection</Filter>
    </ClInclude>
    <ClInclude Include="$(MSBuildThisFileDirectory)Scope.h">
      <Filter>Support\Reflection</Filter>
    </ClInclude>
    <ClInclude Include="$(MSBuildThisFileDirectory)TypeManager.h">
      <Filter>Support\Reflection</Filter>
    </ClInclude>
    <ClInclude Include="$(MSBuildThisFileDirectory)GameClock.h">
      <Filter>Support\Utility</Filter>
    </ClInclude>
    <ClInclude Include="$(MSBuildThisFileDirectory)GameTime.h">
      <Filter>Support\Utility</Filter>
    </ClInclude>
    <ClInclude Include="$(MSBuildThisFileDirectory)ActionIncrement.h">
      <Filter>Engine\Actions</Filter>
    </ClInclude>
    <ClInclude Include="$(MSBuildThisFileDirectory)ActionDestroy.h">
      <Filter>Engine\Actions</Filter>
    </ClInclude>
    <ClInclude Include="$(MSBuildThisFileDirectory)ActionCreate.h">
      <Filter>Engine\Actions</Filter>
    </ClInclude>
    <ClInclude Include="$(MSBuildThisFileDirectory)ActionListWhile.h">
      <Filter>Engine\Actions</Filter>
    </ClInclude>
    <ClInclude Include="$(MSBuildThisFileDirectory)ActionExpression.h">
      <Filter>Engine\Actions</Filter>
    </ClInclude>
    <ClInclude Include="$(MSBuildThisFileDirectory)EventPublisher.h">
      <Filter>Core\Events</Filter>
    </ClInclude>
    <ClInclude Include="$(MSBuildThisFileDirectory)Event.h">
      <Filter>Core\Events</Filter>
    </ClInclude>
    <ClInclude Include="$(MSBuildThisFileDirectory)EventQueue.h">
      <Filter>Core\Events</Filter>
    </ClInclude>
    <ClInclude Include="$(MSBuildThisFileDirectory)WorldState.h">
      <Filter>Core\Entity</Filter>
    </ClInclude>
    <ClInclude Include="$(MSBuildThisFileDirectory)Entity.h">
      <Filter>Core\Entity</Filter>
    </ClInclude>
    <ClInclude Include="$(MSBuildThisFileDirectory)World.h">
      <Filter>Core\Entity</Filter>
    </ClInclude>
    <ClInclude Include="$(MSBuildThisFileDirectory)IEventSubscriber.h">
      <Filter>Core\Events</Filter>
    </ClInclude>
    <ClInclude Include="$(MSBuildThisFileDirectory)EventMessageAttributed.h">
      <Filter>Core\Reaction</Filter>
    </ClInclude>
    <ClInclude Include="$(MSBuildThisFileDirectory)Reaction.h">
      <Filter>Core\Reaction</Filter>
    </ClInclude>
    <ClInclude Include="$(MSBuildThisFileDirectory)ActionEvent.h">
      <Filter>Engine\Actions</Filter>
    </ClInclude>
    <ClInclude Include="$(MSBuildThisFileDirectory)JsonEntityParseHelper.h">
      <Filter>Support\Serialization\Json</Filter>
    </ClInclude>
    <ClInclude Include="$(MSBuildThisFileDirectory)StreamHelper.h">
      <Filter>Support\Serialization</Filter>
    </ClInclude>
    <ClInclude Include="$(MSBuildThisFileDirectory)SceneNode.h">
      <Filter>Core\Model</Filter>
    </ClInclude>
    <ClInclude Include="$(MSBuildThisFileDirectory)Mesh.h">
      <Filter>Core\Model</Filter>
    </ClInclude>
    <ClInclude Include="$(MSBuildThisFileDirectory)ModelMaterial.h">
      <Filter>Core\Model</Filter>
    </ClInclude>
    <ClInclude Include="$(MSBuildThisFileDirectory)AnimationClip.h">
      <Filter>Core\Model</Filter>
    </ClInclude>
    <ClInclude Include="$(MSBuildThisFileDirectory)Bone.h">
      <Filter>Core\Model</Filter>
    </ClInclude>
    <ClInclude Include="$(MSBuildThisFileDirectory)BoneAnimation.h">
      <Filter>Core\Model</Filter>
    </ClInclude>
    <ClInclude Include="$(MSBuildThisFileDirectory)Keyframe.h">
      <Filter>Core\Model</Filter>
    </ClInclude>
    <ClInclude Include="$(MSBuildThisFileDirectory)MathUtility.h">
      <Filter>Core\Math</Filter>
    </ClInclude>
    <ClInclude Include="$(MSBuildThisFileDirectory)Transform.h">
      <Filter>Core\Math</Filter>
    </ClInclude>
    <ClInclude Include="$(MSBuildThisFileDirectory)Model.h">
      <Filter>Engine\Components</Filter>
    </ClInclude>
    <ClInclude Include="$(MSBuildThisFileDirectory)AnimatorComponent.h">
      <Filter>Engine\Components</Filter>
    </ClInclude>
    <ClInclude Include="$(MSBuildThisFileDirectory)ReactionAttributed.h">
      <Filter>Core\Reaction</Filter>
    </ClInclude>
    <ClInclude Include="$(MSBuildThisFileDirectory)AssetImporter.h">
      <Filter>AssetImporter</Filter>
    </ClInclude>
    <ClInclude Include="$(MSBuildThisFileDirectory)Actor.h">
      <Filter>Engine\Actors</Filter>
    </ClInclude>
    <ClInclude Include="$(MSBuildThisFileDirectory)RenderingAPI_DirectX11.h">
      <Filter>Core\Rendering</Filter>
    </ClInclude>
    <ClInclude Include="$(MSBuildThisFileDirectory)RenderingManager.h" />
  </ItemGroup>
  <ItemGroup>
    <None Include="$(MSBuildThisFileDirectory)DefaultHash.inl">
      <Filter>Support\Utility</Filter>
    </None>
    <None Include="$(MSBuildThisFileDirectory)DefaultEquality.inl">
      <Filter>Support\Utility</Filter>
    </None>
    <None Include="$(MSBuildThisFileDirectory)Datum.inl">
      <Filter>Core\Containers\Datum</Filter>
    </None>
    <None Include="$(MSBuildThisFileDirectory)HashMap.inl">
      <Filter>Core\Containers\HashMap</Filter>
    </None>
    <None Include="$(MSBuildThisFileDirectory)SList.inl">
      <Filter>Core\Containers\SList</Filter>
    </None>
    <None Include="$(MSBuildThisFileDirectory)Vector.inl">
      <Filter>Core\Containers\Vector</Filter>
    </None>
    <None Include="$(MSBuildThisFileDirectory)JsonParseMaster.inl">
      <Filter>Support\Serialization\Json</Filter>
    </None>
    <None Include="$(MSBuildThisFileDirectory)Stack.inl">
      <Filter>Core\Containers\Stack</Filter>
    </None>
    <None Include="$(MSBuildThisFileDirectory)Factory.inl">
      <Filter>Support\Utility</Filter>
    </None>
    <None Include="$(MSBuildThisFileDirectory)Scope.inl">
      <Filter>Support\Reflection</Filter>
    </None>
    <None Include="$(MSBuildThisFileDirectory)TypeManager.inl">
      <Filter>Support\Reflection</Filter>
    </None>
    <None Include="$(MSBuildThisFileDirectory)Event.inl">
      <Filter>Core\Events</Filter>
    </None>
    <None Include="$(MSBuildThisFileDirectory)EventQueue.inl">
      <Filter>Core\Events</Filter>
    </None>
    <None Include="$(MSBuildThisFileDirectory)EventPublisher.inl">
      <Filter>Core\Events</Filter>
    </None>
    <None Include="$(MSBuildThisFileDirectory)Reaction.inl">
      <Filter>Core\Reaction</Filter>
    </None>
    <None Include="$(MSBuildThisFileDirectory)EventMessageAttributed.inl">
      <Filter>Core\Reaction</Filter>
    </None>
    <None Include="$(MSBuildThisFileDirectory)Transform.inl">
      <Filter>Core\Math</Filter>
    </None>
    <None Include="$(MSBuildThisFileDirectory)Entity.inl">
      <Filter>Core\Entity</Filter>
    </None>
    <None Include="$(MSBuildThisFileDirectory)RenderingManager.inl">
      <Filter>Core\Rendering</Filter>
    </None>
  </ItemGroup>
  <ItemGroup>
    <Filter Include="Core">
      <UniqueIdentifier>{f8346060-d4cd-4e79-830a-f01c0f376ad2}</UniqueIdentifier>
    </Filter>
    <Filter Include="Core\Events">
      <UniqueIdentifier>{6f061f23-0bac-472e-bdbb-a48f46a4bf26}</UniqueIdentifier>
    </Filter>
    <Filter Include="Core\Entity">
      <UniqueIdentifier>{62a21585-c056-47e6-a328-c0bbcabe4791}</UniqueIdentifier>
    </Filter>
    <Filter Include="Engine">
      <UniqueIdentifier>{dc70e2e4-9824-4073-beb1-c37f0bb1c5d9}</UniqueIdentifier>
    </Filter>
    <Filter Include="Core\Reaction">
      <UniqueIdentifier>{268d84ef-a093-4f0b-bb17-f714a1e258eb}</UniqueIdentifier>
    </Filter>
    <Filter Include="Core\Math">
      <UniqueIdentifier>{0d407872-4c83-4417-b686-9ef5845bc368}</UniqueIdentifier>
    </Filter>
    <Filter Include="Core\Model">
      <UniqueIdentifier>{f2fa0368-37b1-48e4-bfab-4c1a36e4a17a}</UniqueIdentifier>
    </Filter>
    <Filter Include="Core\Texture">
      <UniqueIdentifier>{f2c6e780-ddc4-4016-8311-d53689dd7aeb}</UniqueIdentifier>
    </Filter>
    <Filter Include="Engine\Components">
      <UniqueIdentifier>{132d3b44-9e36-449b-b915-00d8c688d930}</UniqueIdentifier>
    </Filter>
    <Filter Include="Engine\Actions">
      <UniqueIdentifier>{ea3462ea-d32e-475a-9e02-f3f12b5435d9}</UniqueIdentifier>
    </Filter>
    <Filter Include="Support">
      <UniqueIdentifier>{8c3d3926-1362-4226-8f3f-71d77c87cda9}</UniqueIdentifier>
    </Filter>
    <Filter Include="Support\Serialization">
      <UniqueIdentifier>{f6870558-fb10-4312-850c-199c9cd70d25}</UniqueIdentifier>
    </Filter>
    <Filter Include="Support\Serialization\Json">
      <UniqueIdentifier>{cb52c9b0-32c6-480a-a0f2-20ac7613b4c0}</UniqueIdentifier>
    </Filter>
    <Filter Include="Support\Utility">
      <UniqueIdentifier>{2f6f67e5-19b1-465b-a10a-d413f9a12d48}</UniqueIdentifier>
    </Filter>
    <Filter Include="Support\Reflection">
      <UniqueIdentifier>{239b5842-83b7-4bec-b7c9-2b65e8d64508}</UniqueIdentifier>
    </Filter>
    <Filter Include="Core\Containers">
      <UniqueIdentifier>{8316f63d-dcba-44f1-b30b-e78811dbd172}</UniqueIdentifier>
    </Filter>
    <Filter Include="Core\Containers\Datum">
      <UniqueIdentifier>{ba00a61c-058c-4031-af9f-5be588c0ae86}</UniqueIdentifier>
    </Filter>
    <Filter Include="Core\Containers\SList">
      <UniqueIdentifier>{7f894690-b53f-467f-8152-34d593bb2926}</UniqueIdentifier>
    </Filter>
    <Filter Include="Core\Containers\Vector">
      <UniqueIdentifier>{65e56c70-4f5f-4e3b-b5fb-fbce7e929e27}</UniqueIdentifier>
    </Filter>
    <Filter Include="Core\Containers\HashMap">
      <UniqueIdentifier>{87b9de7d-298d-4497-81db-52956c8c344c}</UniqueIdentifier>
    </Filter>
    <Filter Include="Core\Containers\Stack">
      <UniqueIdentifier>{b76401fc-c5b1-4d3c-aa7b-afcba3c7a565}</UniqueIdentifier>
    </Filter>
    <Filter Include="AssetImporter">
      <UniqueIdentifier>{4b323967-9e51-47ef-9b8f-77f6aaafb2d3}</UniqueIdentifier>
    </Filter>
    <Filter Include="Engine\Actors">
      <UniqueIdentifier>{d7f66df4-5e39-4ead-88b9-19d68793440f}</UniqueIdentifier>
    </Filter>
    <Filter Include="Core\Rendering">
      <UniqueIdentifier>{fafcebbb-f62b-4890-91b9-65c63fe162e0}</UniqueIdentifier>
    </Filter>
  </ItemGroup>
</Project>