<?xml version="1.0" encoding="utf-8"?>
<Project ToolsVersion="4.0" xmlns="http://schemas.microsoft.com/developer/msbuild/2003">
  <ItemGroup>
    <ClCompile Include="pch.cpp" />
    <ClCompile Include="Foo.cpp">
      <Filter>Support Code</Filter>
    </ClCompile>
    <ClCompile Include="Bar.cpp">
      <Filter>Support Code</Filter>
    </ClCompile>
    <ClCompile Include="HashMapTest.cpp">
      <Filter>Container Tests</Filter>
    </ClCompile>
    <ClCompile Include="VectorTest.cpp">
      <Filter>Container Tests</Filter>
    </ClCompile>
    <ClCompile Include="SListTest.cpp">
      <Filter>Container Tests</Filter>
    </ClCompile>
    <ClCompile Include="DatumTest.cpp">
      <Filter>Container Tests</Filter>
    </ClCompile>
    <ClCompile Include="BarTest.cpp">
      <Filter>Support Code Tests</Filter>
    </ClCompile>
    <ClCompile Include="FooTest.cpp">
      <Filter>Support Code Tests</Filter>
    </ClCompile>
    <ClCompile Include="DefaultEqualityTest.cpp">
      <Filter>Utility Tests</Filter>
    </ClCompile>
    <ClCompile Include="DefaultHashTest.cpp">
      <Filter>Utility Tests</Filter>
    </ClCompile>
    <ClCompile Include="RTTITest.cpp">
      <Filter>Utility Tests</Filter>
    </ClCompile>
    <ClCompile Include="AttributedFooTest.cpp">
      <Filter>Attributed Tests</Filter>
    </ClCompile>
    <ClCompile Include="AttributedFoo.cpp">
      <Filter>Attributed Tests</Filter>
    </ClCompile>
    <ClCompile Include="AttributedBar.cpp">
      <Filter>Attributed Tests</Filter>
    </ClCompile>
    <ClCompile Include="DerivedAttributedFoo.cpp">
      <Filter>Attributed Tests</Filter>
    </ClCompile>
    <ClCompile Include="TypeManagerTest.cpp">
      <Filter>Attributed Tests</Filter>
    </ClCompile>
    <ClCompile Include="ScopeTest.cpp">
      <Filter>Attributed Tests</Filter>
    </ClCompile>
    <ClCompile Include="StackTest.cpp">
      <Filter>Container Tests</Filter>
    </ClCompile>
    <ClCompile Include="JsonParseTest.cpp">
      <Filter>JSON Parser Test</Filter>
    </ClCompile>
    <ClCompile Include="AttributedBarTest.cpp">
      <Filter>Attributed Tests</Filter>
    </ClCompile>
    <ClCompile Include="JsonTestParseHelper.cpp">
      <Filter>JSON Parser Test</Filter>
    </ClCompile>
    <ClCompile Include="JsonScopeParseTest.cpp">
      <Filter>JSON Parser Test</Filter>
    </ClCompile>
  </ItemGroup>
  <ItemGroup>
    <ClInclude Include="pch.h" />
    <ClInclude Include="Foo.h">
      <Filter>Support Code</Filter>
    </ClInclude>
    <ClInclude Include="ToStringSpecialization.h">
      <Filter>Support Code</Filter>
    </ClInclude>
    <ClInclude Include="Bar.h">
      <Filter>Support Code</Filter>
    </ClInclude>
    <ClInclude Include="AttributedBar.h">
      <Filter>Attributed Tests</Filter>
    </ClInclude>
    <ClInclude Include="AttributedFoo.h">
      <Filter>Attributed Tests</Filter>
    </ClInclude>
    <ClInclude Include="DerivedAttributedFoo.h">
      <Filter>Attributed Tests</Filter>
    </ClInclude>
    <ClInclude Include="JsonTestParseHelper.h">
      <Filter>JSON Parser Test</Filter>
    </ClInclude>
  </ItemGroup>
  <ItemGroup>
    <Filter Include="Support Code">
      <UniqueIdentifier>{cb92ebec-90e8-4542-8efe-4690f20fc191}</UniqueIdentifier>
    </Filter>
    <Filter Include="Container Tests">
      <UniqueIdentifier>{baf04301-e9bb-4af7-9984-1eaafbf44244}</UniqueIdentifier>
    </Filter>
    <Filter Include="Support Code Tests">
      <UniqueIdentifier>{03f82542-212a-4fae-8644-5b1c0589d18f}</UniqueIdentifier>
    </Filter>
    <Filter Include="Utility Tests">
      <UniqueIdentifier>{18e39828-51fc-423c-8aeb-ddceb560a31b}</UniqueIdentifier>
    </Filter>
    <Filter Include="Attributed Tests">
      <UniqueIdentifier>{89ca14ab-61f6-4885-a5ad-66ab9007c3f6}</UniqueIdentifier>
    </Filter>
    <Filter Include="JSON Parser Test">
      <UniqueIdentifier>{e8149a2f-8b57-469f-b5fb-5e87426c5d65}</UniqueIdentifier>
    </Filter>
    <Filter Include="Content">
      <UniqueIdentifier>{7c84e84d-c64a-45c5-9935-43b0c86deccd}</UniqueIdentifier>
    </Filter>
  </ItemGroup>
  <ItemGroup>
    <None Include="Content\ScopePrimitives.json">
      <Filter>Content</Filter>
    </None>
  </ItemGroup>
</Project>